
Microsoft Visual Studio Solution File, Format Version 12.00
# Visual Studio Version 17
VisualStudioVersion = 17.0.31903.59
MinimumVisualStudioVersion = 10.0.40219.1
Project("{2150E333-8FDC-42A3-9474-1A3956D46DE8}") = "Api", "Api", "{E70F33AA-DCD0-45CD-8B0A-F595537660F9}"
EndProject
Project("{FAE04EC0-301F-11D3-BF4B-00C04F79EFBC}") = "UrlShortener.Api", "Api\src\UrlShortener.Api\UrlShortener.Api.csproj", "{AF4456F3-9777-434A-BB2B-55CE781DE17A}"
EndProject
Project("{2150E333-8FDC-42A3-9474-1A3956D46DE8}") = "src", "src", "{BAE130E8-97AE-420A-B0A6-BC6BA252733A}"
EndProject
Project("{2150E333-8FDC-42A3-9474-1A3956D46DE8}") = "tests", "tests", "{3438E4CA-9ADC-4280-AC57-FABB66FF04C4}"
EndProject
Project("{FAE04EC0-301F-11D3-BF4B-00C04F79EFBC}") = "UrlShortener.Api.Core.Test", "Api\test\UrlShortener.Api.Core.Test\UrlShortener.Api.Core.Test.csproj", "{9A352FC1-CB64-491C-9E2F-50FDB0279311}"
EndProject
Project("{FAE04EC0-301F-11D3-BF4B-00C04F79EFBC}") = "UrlShortener.Core", "Api\src\UrlShortener.Core\UrlShortener.Core.csproj", "{2A35B2F9-A754-4128-8417-E8DF5866EE68}"
EndProject
Project("{FAE04EC0-301F-11D3-BF4B-00C04F79EFBC}") = "UrlShortener.Tests", "Api\test\UrlShortener.Tests\UrlShortener.Tests.csproj", "{87106041-1C2E-49E2-A6CE-8C47671F6A47}"
EndProject
Project("{FAE04EC0-301F-11D3-BF4B-00C04F79EFBC}") = "UrlShortener.Infrastructure", "Api\src\UrlShortener.Infrastructure\UrlShortener.Infrastructure.csproj", "{CE073DA1-FC82-417E-BBA1-B0158D7D5439}"
EndProject
Project("{2150E333-8FDC-42A3-9474-1A3956D46DE8}") = "TokenRanges", "TokenRanges", "{8D6AA3BC-791F-4828-90C0-925DB5CAE360}"
EndProject
Project("{2150E333-8FDC-42A3-9474-1A3956D46DE8}") = "src", "src", "{3949F35D-F586-4D56-81E2-CA7CB1AD0F90}"
EndProject
Project("{2150E333-8FDC-42A3-9474-1A3956D46DE8}") = "tests", "tests", "{1092B514-3BEE-41AE-81EE-0FBED7225E84}"
EndProject
Project("{FAE04EC0-301F-11D3-BF4B-00C04F79EFBC}") = "UrlShortener.TokenRangeService", "TokenRanges\src\UrlShortener.TokenRangeService\UrlShortener.TokenRangeService.csproj", "{30D1B85C-F57E-4F39-921D-47C4A114315B}"
EndProject
Project("{FAE04EC0-301F-11D3-BF4B-00C04F79EFBC}") = "UrlShortener.TokenRangeService.Tests", "TokenRanges\tests\UrlShortener.TokenRangeService.Tests\UrlShortener.TokenRangeService.Tests.csproj", "{0BFFB6A6-7F22-44CE-9AF0-5E096F47BC2C}"
EndProject
Project("{2150E333-8FDC-42A3-9474-1A3956D46DE8}") = "RedirectApi", "RedirectApi", "{AFCB8287-8102-425A-9DFA-D2E0D422EE1F}"
EndProject
Project("{2150E333-8FDC-42A3-9474-1A3956D46DE8}") = "src", "src", "{7F19951E-4804-43E7-B21F-5042E2CF5042}"
EndProject
Project("{2150E333-8FDC-42A3-9474-1A3956D46DE8}") = "tests", "tests", "{E09E9D01-E499-4956-AD0F-8606BC8FE4B1}"
EndProject
Project("{FAE04EC0-301F-11D3-BF4B-00C04F79EFBC}") = "UrlShortener.RedirectApi", "RedirectApi\src\UrlShortener.RedirectApi\UrlShortener.RedirectApi.csproj", "{AB376B6A-8197-46AF-8C1B-133089D4FD1F}"
EndProject
Project("{2150E333-8FDC-42A3-9474-1A3956D46DE8}") = "Libraries", "Libraries", "{323BC366-B0A8-4C13-8C5E-07CAD42568D8}"
EndProject
Project("{FAE04EC0-301F-11D3-BF4B-00C04F79EFBC}") = "UrlShortener.Libraries.Testing", "Libraries\UrlShortener.Libraries.Testing\UrlShortener.Libraries.Testing.csproj", "{6CFB5B3A-F7F9-4A45-92D5-957F3411C2DF}"
EndProject
Project("{FAE04EC0-301F-11D3-BF4B-00C04F79EFBC}") = "UrlShortener.RedirectApi.Tests", "RedirectApi\tests\UrlShortener.RedirectApi.Tests\UrlShortener.RedirectApi.Tests.csproj", "{A5D10FBC-F899-4D14-96B4-F3B5388F3C3D}"
EndProject
Project("{2150E333-8FDC-42A3-9474-1A3956D46DE8}") = "CosmosDbTrigger", "CosmosDbTrigger", "{B1DEDA0F-2F1F-4228-AF35-4B617914EC31}"
EndProject
Project("{2150E333-8FDC-42A3-9474-1A3956D46DE8}") = "src", "src", "{8E325561-B87C-47A5-858C-C2A700DCBDF5}"
EndProject
Project("{FAE04EC0-301F-11D3-BF4B-00C04F79EFBC}") = "UrlShortener.CosmosDbTriggerFunction", "CosmosDbTrigger\src\UrlShortener.CosmosDbTriggerFunction\UrlShortener.CosmosDbTriggerFunction.csproj", "{BAA8837E-B1EE-4980-9483-CC30AC62A88C}"
EndProject
Global
	GlobalSection(SolutionConfigurationPlatforms) = preSolution
		Debug|Any CPU = Debug|Any CPU
		Release|Any CPU = Release|Any CPU
	EndGlobalSection
	GlobalSection(SolutionProperties) = preSolution
		HideSolutionNode = FALSE
	EndGlobalSection
	GlobalSection(ProjectConfigurationPlatforms) = postSolution
		{AF4456F3-9777-434A-BB2B-55CE781DE17A}.Debug|Any CPU.ActiveCfg = Debug|Any CPU
		{AF4456F3-9777-434A-BB2B-55CE781DE17A}.Debug|Any CPU.Build.0 = Debug|Any CPU
		{AF4456F3-9777-434A-BB2B-55CE781DE17A}.Release|Any CPU.ActiveCfg = Release|Any CPU
		{AF4456F3-9777-434A-BB2B-55CE781DE17A}.Release|Any CPU.Build.0 = Release|Any CPU
		{9A352FC1-CB64-491C-9E2F-50FDB0279311}.Debug|Any CPU.ActiveCfg = Debug|Any CPU
		{9A352FC1-CB64-491C-9E2F-50FDB0279311}.Debug|Any CPU.Build.0 = Debug|Any CPU
		{9A352FC1-CB64-491C-9E2F-50FDB0279311}.Release|Any CPU.ActiveCfg = Release|Any CPU
		{9A352FC1-CB64-491C-9E2F-50FDB0279311}.Release|Any CPU.Build.0 = Release|Any CPU
		{2A35B2F9-A754-4128-8417-E8DF5866EE68}.Debug|Any CPU.ActiveCfg = Debug|Any CPU
		{2A35B2F9-A754-4128-8417-E8DF5866EE68}.Debug|Any CPU.Build.0 = Debug|Any CPU
		{2A35B2F9-A754-4128-8417-E8DF5866EE68}.Release|Any CPU.ActiveCfg = Release|Any CPU
		{2A35B2F9-A754-4128-8417-E8DF5866EE68}.Release|Any CPU.Build.0 = Release|Any CPU
		{87106041-1C2E-49E2-A6CE-8C47671F6A47}.Debug|Any CPU.ActiveCfg = Debug|Any CPU
		{87106041-1C2E-49E2-A6CE-8C47671F6A47}.Debug|Any CPU.Build.0 = Debug|Any CPU
		{87106041-1C2E-49E2-A6CE-8C47671F6A47}.Release|Any CPU.ActiveCfg = Release|Any CPU
		{87106041-1C2E-49E2-A6CE-8C47671F6A47}.Release|Any CPU.Build.0 = Release|Any CPU
		{CE073DA1-FC82-417E-BBA1-B0158D7D5439}.Debug|Any CPU.ActiveCfg = Debug|Any CPU
		{CE073DA1-FC82-417E-BBA1-B0158D7D5439}.Debug|Any CPU.Build.0 = Debug|Any CPU
		{CE073DA1-FC82-417E-BBA1-B0158D7D5439}.Release|Any CPU.ActiveCfg = Release|Any CPU
		{CE073DA1-FC82-417E-BBA1-B0158D7D5439}.Release|Any CPU.Build.0 = Release|Any CPU
		{30D1B85C-F57E-4F39-921D-47C4A114315B}.Debug|Any CPU.ActiveCfg = Debug|Any CPU
		{30D1B85C-F57E-4F39-921D-47C4A114315B}.Debug|Any CPU.Build.0 = Debug|Any CPU
		{30D1B85C-F57E-4F39-921D-47C4A114315B}.Release|Any CPU.ActiveCfg = Release|Any CPU
		{30D1B85C-F57E-4F39-921D-47C4A114315B}.Release|Any CPU.Build.0 = Release|Any CPU
		{0BFFB6A6-7F22-44CE-9AF0-5E096F47BC2C}.Debug|Any CPU.ActiveCfg = Debug|Any CPU
		{0BFFB6A6-7F22-44CE-9AF0-5E096F47BC2C}.Debug|Any CPU.Build.0 = Debug|Any CPU
		{0BFFB6A6-7F22-44CE-9AF0-5E096F47BC2C}.Release|Any CPU.ActiveCfg = Release|Any CPU
		{0BFFB6A6-7F22-44CE-9AF0-5E096F47BC2C}.Release|Any CPU.Build.0 = Release|Any CPU
		{AB376B6A-8197-46AF-8C1B-133089D4FD1F}.Debug|Any CPU.ActiveCfg = Debug|Any CPU
		{AB376B6A-8197-46AF-8C1B-133089D4FD1F}.Debug|Any CPU.Build.0 = Debug|Any CPU
		{AB376B6A-8197-46AF-8C1B-133089D4FD1F}.Release|Any CPU.ActiveCfg = Release|Any CPU
		{AB376B6A-8197-46AF-8C1B-133089D4FD1F}.Release|Any CPU.Build.0 = Release|Any CPU
		{6CFB5B3A-F7F9-4A45-92D5-957F3411C2DF}.Debug|Any CPU.ActiveCfg = Debug|Any CPU
		{6CFB5B3A-F7F9-4A45-92D5-957F3411C2DF}.Debug|Any CPU.Build.0 = Debug|Any CPU
		{6CFB5B3A-F7F9-4A45-92D5-957F3411C2DF}.Release|Any CPU.ActiveCfg = Release|Any CPU
		{6CFB5B3A-F7F9-4A45-92D5-957F3411C2DF}.Release|Any CPU.Build.0 = Release|Any CPU
		{A5D10FBC-F899-4D14-96B4-F3B5388F3C3D}.Debug|Any CPU.ActiveCfg = Debug|Any CPU
		{A5D10FBC-F899-4D14-96B4-F3B5388F3C3D}.Debug|Any CPU.Build.0 = Debug|Any CPU
		{A5D10FBC-F899-4D14-96B4-F3B5388F3C3D}.Release|Any CPU.ActiveCfg = Release|Any CPU
		{A5D10FBC-F899-4D14-96B4-F3B5388F3C3D}.Release|Any CPU.Build.0 = Release|Any CPU
		{BAA8837E-B1EE-4980-9483-CC30AC62A88C}.Debug|Any CPU.ActiveCfg = Debug|Any CPU
		{BAA8837E-B1EE-4980-9483-CC30AC62A88C}.Debug|Any CPU.Build.0 = Debug|Any CPU
		{BAA8837E-B1EE-4980-9483-CC30AC62A88C}.Release|Any CPU.ActiveCfg = Release|Any CPU
		{BAA8837E-B1EE-4980-9483-CC30AC62A88C}.Release|Any CPU.Build.0 = Release|Any CPU
	EndGlobalSection
	GlobalSection(NestedProjects) = preSolution
		{BAE130E8-97AE-420A-B0A6-BC6BA252733A} = {E70F33AA-DCD0-45CD-8B0A-F595537660F9}
		{AF4456F3-9777-434A-BB2B-55CE781DE17A} = {BAE130E8-97AE-420A-B0A6-BC6BA252733A}
		{3438E4CA-9ADC-4280-AC57-FABB66FF04C4} = {E70F33AA-DCD0-45CD-8B0A-F595537660F9}
		{9A352FC1-CB64-491C-9E2F-50FDB0279311} = {3438E4CA-9ADC-4280-AC57-FABB66FF04C4}
		{2A35B2F9-A754-4128-8417-E8DF5866EE68} = {BAE130E8-97AE-420A-B0A6-BC6BA252733A}
		{87106041-1C2E-49E2-A6CE-8C47671F6A47} = {3438E4CA-9ADC-4280-AC57-FABB66FF04C4}
		{CE073DA1-FC82-417E-BBA1-B0158D7D5439} = {BAE130E8-97AE-420A-B0A6-BC6BA252733A}
		{3949F35D-F586-4D56-81E2-CA7CB1AD0F90} = {8D6AA3BC-791F-4828-90C0-925DB5CAE360}
		{1092B514-3BEE-41AE-81EE-0FBED7225E84} = {8D6AA3BC-791F-4828-90C0-925DB5CAE360}
		{30D1B85C-F57E-4F39-921D-47C4A114315B} = {3949F35D-F586-4D56-81E2-CA7CB1AD0F90}
		{0BFFB6A6-7F22-44CE-9AF0-5E096F47BC2C} = {1092B514-3BEE-41AE-81EE-0FBED7225E84}
		{7F19951E-4804-43E7-B21F-5042E2CF5042} = {AFCB8287-8102-425A-9DFA-D2E0D422EE1F}
		{E09E9D01-E499-4956-AD0F-8606BC8FE4B1} = {AFCB8287-8102-425A-9DFA-D2E0D422EE1F}
		{AB376B6A-8197-46AF-8C1B-133089D4FD1F} = {7F19951E-4804-43E7-B21F-5042E2CF5042}
		{6CFB5B3A-F7F9-4A45-92D5-957F3411C2DF} = {323BC366-B0A8-4C13-8C5E-07CAD42568D8}
		{A5D10FBC-F899-4D14-96B4-F3B5388F3C3D} = {E09E9D01-E499-4956-AD0F-8606BC8FE4B1}
		{8E325561-B87C-47A5-858C-C2A700DCBDF5} = {B1DEDA0F-2F1F-4228-AF35-4B617914EC31}
		{BAA8837E-B1EE-4980-9483-CC30AC62A88C} = {8E325561-B87C-47A5-858C-C2A700DCBDF5}
	EndGlobalSection
EndGlobal
