
Microsoft Visual Studio Solution File, Format Version 12.00
# Visual Studio Version 17
VisualStudioVersion = 17.0.31903.59
MinimumVisualStudioVersion = 10.0.40219.1
Project("{2150E333-8FDC-42A3-9474-1A3956D46DE8}") = "Api", "Api", "{E70F33AA-DCD0-45CD-8B0A-F595537660F9}"
EndProject
Project("{FAE04EC0-301F-11D3-BF4B-00C04F79EFBC}") = "UrlShortener.Api", "UrlShortener.Api\UrlShortener.Api.csproj", "{AF4456F3-9777-434A-BB2B-55CE781DE17A}"
EndProject
Global
	GlobalSection(SolutionConfigurationPlatforms) = preSolution
		Debug|Any CPU = Debug|Any CPU
		Release|Any CPU = Release|Any CPU
	EndGlobalSection
	GlobalSection(SolutionProperties) = preSolution
		HideSolutionNode = FALSE
	EndGlobalSection
	GlobalSection(ProjectConfigurationPlatforms) = postSolution
		{AF4456F3-9777-434A-BB2B-55CE781DE17A}.Debug|Any CPU.ActiveCfg = Debug|Any CPU
		{AF4456F3-9777-434A-BB2B-55CE781DE17A}.Debug|Any CPU.Build.0 = Debug|Any CPU
		{AF4456F3-9777-434A-BB2B-55CE781DE17A}.Release|Any CPU.ActiveCfg = Release|Any CPU
		{AF4456F3-9777-434A-BB2B-55CE781DE17A}.Release|Any CPU.Build.0 = Release|Any CPU
	EndGlobalSection
	GlobalSection(NestedProjects) = preSolution
		{AF4456F3-9777-434A-BB2B-55CE781DE17A} = {E70F33AA-DCD0-45CD-8B0A-F595537660F9}
	EndGlobalSection
EndGlobal
